
Microsoft Visual Studio Solution File, Format Version 12.00
# Visual Studio Version 17
VisualStudioVersion = 17.8.34330.188
MinimumVisualStudioVersion = 10.0.40219.1
Project("{FAE04EC0-301F-11D3-BF4B-00C04F79EFBC}") = "VeterinarianApp", "VeterinarianApp\VeterinarianApp.csproj", "{BB229A0A-3076-4519-B21D-97E3413D3687}"
EndProject
Global
	GlobalSection(SolutionConfigurationPlatforms) = preSolution
		Debug|Any CPU = Debug|Any CPU
		Release|Any CPU = Release|Any CPU
	EndGlobalSection
	GlobalSection(ProjectConfigurationPlatforms) = postSolution
		{BB229A0A-3076-4519-B21D-97E3413D3687}.Debug|Any CPU.ActiveCfg = Debug|Any CPU
		{BB229A0A-3076-4519-B21D-97E3413D3687}.Debug|Any CPU.Build.0 = Debug|Any CPU
		{BB229A0A-3076-4519-B21D-97E3413D3687}.Release|Any CPU.ActiveCfg = Release|Any CPU
		{BB229A0A-3076-4519-B21D-97E3413D3687}.Release|Any CPU.Build.0 = Release|Any CPU
	EndGlobalSection
	GlobalSection(SolutionProperties) = preSolution
		HideSolutionNode = FALSE
	EndGlobalSection
	GlobalSection(ExtensibilityGlobals) = postSolution
		SolutionGuid = {CBA3BD61-CE7A-4D7E-9F35-819BF47E1A4F}
	EndGlobalSection
EndGlobal
